
Microsoft Visual Studio Solution File, Format Version 12.00
# Visual Studio Version 17
VisualStudioVersion = 17.0.31903.59
MinimumVisualStudioVersion = 10.0.40219.1
Project("{2150E333-8FDC-42A3-9474-1A3956D46DE8}") = "src", "src", "{2EF586F0-5ECF-4CB7-9E01-E92B64C263B1}"
EndProject
Project("{FAE04EC0-301F-11D3-BF4B-00C04F79EFBC}") = "PicoMoldForge.Core", "src\PicoMoldForge.Core\PicoMoldForge.Core.csproj", "{BBA1DFCA-9F4B-4FD2-856D-F983833CC490}"
EndProject
Project("{FAE04EC0-301F-11D3-BF4B-00C04F79EFBC}") = "PicoMoldForge.PicoGK", "src\PicoMoldForge.PicoGK\PicoMoldForge.PicoGK.csproj", "{E007CE25-8476-4693-A2CC-20FD57B6613F}"
EndProject
Project("{FAE04EC0-301F-11D3-BF4B-00C04F79EFBC}") = "PicoMoldForge.Reporting", "src\PicoMoldForge.Reporting\PicoMoldForge.Reporting.csproj", "{7EDA48F9-538F-4CCD-BE27-E35ECCCFE802}"
EndProject
Project("{FAE04EC0-301F-11D3-BF4B-00C04F79EFBC}") = "PicoMoldForge.Cli", "src\PicoMoldForge.Cli\PicoMoldForge.Cli.csproj", "{D2128DDD-4E7E-4186-9C08-F01E74E780E3}"
EndProject
Project("{2150E333-8FDC-42A3-9474-1A3956D46DE8}") = "tests", "tests", "{A4E8F3D2-8707-4B36-8923-832E587655C0}"
EndProject
Project("{FAE04EC0-301F-11D3-BF4B-00C04F79EFBC}") = "PicoMoldForge.Core.Tests", "tests\PicoMoldForge.Core.Tests\PicoMoldForge.Core.Tests.csproj", "{A32E8F37-9A3E-4D2D-A5B3-2FA220768355}"
EndProject
Project("{FAE04EC0-301F-11D3-BF4B-00C04F79EFBC}") = "PicoMoldForge.PicoGK.Tests", "tests\PicoMoldForge.PicoGK.Tests\PicoMoldForge.PicoGK.Tests.csproj", "{EBD8EAD1-67AF-4279-86B6-C17899AAFB61}"
EndProject
Project("{FAE04EC0-301F-11D3-BF4B-00C04F79EFBC}") = "PicoMoldForge.Cli.Tests", "tests\PicoMoldForge.Cli.Tests\PicoMoldForge.Cli.Tests.csproj", "{5582F228-4206-4716-964D-C9067C99C6EF}"
EndProject
Project("{FAE04EC0-301F-11D3-BF4B-00C04F79EFBC}") = "PicoMoldForge.Generator", "src\PicoMoldForge.Generator\PicoMoldForge.Generator.csproj", "{5D90123C-7236-4040-B148-4AF6EB9CED19}"
EndProject
Project("{FAE04EC0-301F-11D3-BF4B-00C04F79EFBC}") = "PicoMoldForge.Generator.Tests", "tests\PicoMoldForge.Generator.Tests\PicoMoldForge.Generator.Tests.csproj", "{CCD54DB8-63BC-4E8B-9226-F6E89B981CE1}"
EndProject
Global
	GlobalSection(SolutionConfigurationPlatforms) = preSolution
		Debug|Any CPU = Debug|Any CPU
		Debug|x64 = Debug|x64
		Debug|x86 = Debug|x86
		Release|Any CPU = Release|Any CPU
		Release|x64 = Release|x64
		Release|x86 = Release|x86
	EndGlobalSection
	GlobalSection(ProjectConfigurationPlatforms) = postSolution
		{BBA1DFCA-9F4B-4FD2-856D-F983833CC490}.Debug|Any CPU.ActiveCfg = Debug|Any CPU
		{BBA1DFCA-9F4B-4FD2-856D-F983833CC490}.Debug|Any CPU.Build.0 = Debug|Any CPU
		{BBA1DFCA-9F4B-4FD2-856D-F983833CC490}.Debug|x64.ActiveCfg = Debug|Any CPU
		{BBA1DFCA-9F4B-4FD2-856D-F983833CC490}.Debug|x64.Build.0 = Debug|Any CPU
		{BBA1DFCA-9F4B-4FD2-856D-F983833CC490}.Debug|x86.ActiveCfg = Debug|Any CPU
		{BBA1DFCA-9F4B-4FD2-856D-F983833CC490}.Debug|x86.Build.0 = Debug|Any CPU
		{BBA1DFCA-9F4B-4FD2-856D-F983833CC490}.Release|Any CPU.ActiveCfg = Release|Any CPU
		{BBA1DFCA-9F4B-4FD2-856D-F983833CC490}.Release|Any CPU.Build.0 = Release|Any CPU
		{BBA1DFCA-9F4B-4FD2-856D-F983833CC490}.Release|x64.ActiveCfg = Release|Any CPU
		{BBA1DFCA-9F4B-4FD2-856D-F983833CC490}.Release|x64.Build.0 = Release|Any CPU
		{BBA1DFCA-9F4B-4FD2-856D-F983833CC490}.Release|x86.ActiveCfg = Release|Any CPU
		{BBA1DFCA-9F4B-4FD2-856D-F983833CC490}.Release|x86.Build.0 = Release|Any CPU
		{E007CE25-8476-4693-A2CC-20FD57B6613F}.Debug|Any CPU.ActiveCfg = Debug|Any CPU
		{E007CE25-8476-4693-A2CC-20FD57B6613F}.Debug|Any CPU.Build.0 = Debug|Any CPU
		{E007CE25-8476-4693-A2CC-20FD57B6613F}.Debug|x64.ActiveCfg = Debug|Any CPU
		{E007CE25-8476-4693-A2CC-20FD57B6613F}.Debug|x64.Build.0 = Debug|Any CPU
		{E007CE25-8476-4693-A2CC-20FD57B6613F}.Debug|x86.ActiveCfg = Debug|Any CPU
		{E007CE25-8476-4693-A2CC-20FD57B6613F}.Debug|x86.Build.0 = Debug|Any CPU
		{E007CE25-8476-4693-A2CC-20FD57B6613F}.Release|Any CPU.ActiveCfg = Release|Any CPU
		{E007CE25-8476-4693-A2CC-20FD57B6613F}.Release|Any CPU.Build.0 = Release|Any CPU
		{E007CE25-8476-4693-A2CC-20FD57B6613F}.Release|x64.ActiveCfg = Release|Any CPU
		{E007CE25-8476-4693-A2CC-20FD57B6613F}.Release|x64.Build.0 = Release|Any CPU
		{E007CE25-8476-4693-A2CC-20FD57B6613F}.Release|x86.ActiveCfg = Release|Any CPU
		{E007CE25-8476-4693-A2CC-20FD57B6613F}.Release|x86.Build.0 = Release|Any CPU
		{7EDA48F9-538F-4CCD-BE27-E35ECCCFE802}.Debug|Any CPU.ActiveCfg = Debug|Any CPU
		{7EDA48F9-538F-4CCD-BE27-E35ECCCFE802}.Debug|Any CPU.Build.0 = Debug|Any CPU
		{7EDA48F9-538F-4CCD-BE27-E35ECCCFE802}.Debug|x64.ActiveCfg = Debug|Any CPU
		{7EDA48F9-538F-4CCD-BE27-E35ECCCFE802}.Debug|x64.Build.0 = Debug|Any CPU
		{7EDA48F9-538F-4CCD-BE27-E35ECCCFE802}.Debug|x86.ActiveCfg = Debug|Any CPU
		{7EDA48F9-538F-4CCD-BE27-E35ECCCFE802}.Debug|x86.Build.0 = Debug|Any CPU
		{7EDA48F9-538F-4CCD-BE27-E35ECCCFE802}.Release|Any CPU.ActiveCfg = Release|Any CPU
		{7EDA48F9-538F-4CCD-BE27-E35ECCCFE802}.Release|Any CPU.Build.0 = Release|Any CPU
		{7EDA48F9-538F-4CCD-BE27-E35ECCCFE802}.Release|x64.ActiveCfg = Release|Any CPU
		{7EDA48F9-538F-4CCD-BE27-E35ECCCFE802}.Release|x64.Build.0 = Release|Any CPU
		{7EDA48F9-538F-4CCD-BE27-E35ECCCFE802}.Release|x86.ActiveCfg = Release|Any CPU
		{7EDA48F9-538F-4CCD-BE27-E35ECCCFE802}.Release|x86.Build.0 = Release|Any CPU
		{D2128DDD-4E7E-4186-9C08-F01E74E780E3}.Debug|Any CPU.ActiveCfg = Debug|Any CPU
		{D2128DDD-4E7E-4186-9C08-F01E74E780E3}.Debug|Any CPU.Build.0 = Debug|Any CPU
		{D2128DDD-4E7E-4186-9C08-F01E74E780E3}.Debug|x64.ActiveCfg = Debug|Any CPU
		{D2128DDD-4E7E-4186-9C08-F01E74E780E3}.Debug|x64.Build.0 = Debug|Any CPU
		{D2128DDD-4E7E-4186-9C08-F01E74E780E3}.Debug|x86.ActiveCfg = Debug|Any CPU
		{D2128DDD-4E7E-4186-9C08-F01E74E780E3}.Debug|x86.Build.0 = Debug|Any CPU
		{D2128DDD-4E7E-4186-9C08-F01E74E780E3}.Release|Any CPU.ActiveCfg = Release|Any CPU
		{D2128DDD-4E7E-4186-9C08-F01E74E780E3}.Release|Any CPU.Build.0 = Release|Any CPU
		{D2128DDD-4E7E-4186-9C08-F01E74E780E3}.Release|x64.ActiveCfg = Release|Any CPU
		{D2128DDD-4E7E-4186-9C08-F01E74E780E3}.Release|x64.Build.0 = Release|Any CPU
		{D2128DDD-4E7E-4186-9C08-F01E74E780E3}.Release|x86.ActiveCfg = Release|Any CPU
		{D2128DDD-4E7E-4186-9C08-F01E74E780E3}.Release|x86.Build.0 = Release|Any CPU
		{A32E8F37-9A3E-4D2D-A5B3-2FA220768355}.Debug|Any CPU.ActiveCfg = Debug|Any CPU
		{A32E8F37-9A3E-4D2D-A5B3-2FA220768355}.Debug|Any CPU.Build.0 = Debug|Any CPU
		{A32E8F37-9A3E-4D2D-A5B3-2FA220768355}.Debug|x64.ActiveCfg = Debug|Any CPU
		{A32E8F37-9A3E-4D2D-A5B3-2FA220768355}.Debug|x64.Build.0 = Debug|Any CPU
		{A32E8F37-9A3E-4D2D-A5B3-2FA220768355}.Debug|x86.ActiveCfg = Debug|Any CPU
		{A32E8F37-9A3E-4D2D-A5B3-2FA220768355}.Debug|x86.Build.0 = Debug|Any CPU
		{A32E8F37-9A3E-4D2D-A5B3-2FA220768355}.Release|Any CPU.ActiveCfg = Release|Any CPU
		{A32E8F37-9A3E-4D2D-A5B3-2FA220768355}.Release|Any CPU.Build.0 = Release|Any CPU
		{A32E8F37-9A3E-4D2D-A5B3-2FA220768355}.Release|x64.ActiveCfg = Release|Any CPU
		{A32E8F37-9A3E-4D2D-A5B3-2FA220768355}.Release|x64.Build.0 = Release|Any CPU
		{A32E8F37-9A3E-4D2D-A5B3-2FA220768355}.Release|x86.ActiveCfg = Release|Any CPU
		{A32E8F37-9A3E-4D2D-A5B3-2FA220768355}.Release|x86.Build.0 = Release|Any CPU
		{EBD8EAD1-67AF-4279-86B6-C17899AAFB61}.Debug|Any CPU.ActiveCfg = Debug|Any CPU
		{EBD8EAD1-67AF-4279-86B6-C17899AAFB61}.Debug|Any CPU.Build.0 = Debug|Any CPU
		{EBD8EAD1-67AF-4279-86B6-C17899AAFB61}.Debug|x64.ActiveCfg = Debug|Any CPU
		{EBD8EAD1-67AF-4279-86B6-C17899AAFB61}.Debug|x64.Build.0 = Debug|Any CPU
		{EBD8EAD1-67AF-4279-86B6-C17899AAFB61}.Debug|x86.ActiveCfg = Debug|Any CPU
		{EBD8EAD1-67AF-4279-86B6-C17899AAFB61}.Debug|x86.Build.0 = Debug|Any CPU
		{EBD8EAD1-67AF-4279-86B6-C17899AAFB61}.Release|Any CPU.ActiveCfg = Release|Any CPU
		{EBD8EAD1-67AF-4279-86B6-C17899AAFB61}.Release|Any CPU.Build.0 = Release|Any CPU
		{EBD8EAD1-67AF-4279-86B6-C17899AAFB61}.Release|x64.ActiveCfg = Release|Any CPU
		{EBD8EAD1-67AF-4279-86B6-C17899AAFB61}.Release|x64.Build.0 = Release|Any CPU
		{EBD8EAD1-67AF-4279-86B6-C17899AAFB61}.Release|x86.ActiveCfg = Release|Any CPU
		{EBD8EAD1-67AF-4279-86B6-C17899AAFB61}.Release|x86.Build.0 = Release|Any CPU
		{5582F228-4206-4716-964D-C9067C99C6EF}.Debug|Any CPU.ActiveCfg = Debug|Any CPU
		{5582F228-4206-4716-964D-C9067C99C6EF}.Debug|Any CPU.Build.0 = Debug|Any CPU
		{5582F228-4206-4716-964D-C9067C99C6EF}.Debug|x64.ActiveCfg = Debug|Any CPU
		{5582F228-4206-4716-964D-C9067C99C6EF}.Debug|x64.Build.0 = Debug|Any CPU
		{5582F228-4206-4716-964D-C9067C99C6EF}.Debug|x86.ActiveCfg = Debug|Any CPU
		{5582F228-4206-4716-964D-C9067C99C6EF}.Debug|x86.Build.0 = Debug|Any CPU
		{5582F228-4206-4716-964D-C9067C99C6EF}.Release|Any CPU.ActiveCfg = Release|Any CPU
		{5582F228-4206-4716-964D-C9067C99C6EF}.Release|Any CPU.Build.0 = Release|Any CPU
		{5582F228-4206-4716-964D-C9067C99C6EF}.Release|x64.ActiveCfg = Release|Any CPU
		{5582F228-4206-4716-964D-C9067C99C6EF}.Release|x64.Build.0 = Release|Any CPU
		{5582F228-4206-4716-964D-C9067C99C6EF}.Release|x86.ActiveCfg = Release|Any CPU
		{5582F228-4206-4716-964D-C9067C99C6EF}.Release|x86.Build.0 = Release|Any CPU
		{5D90123C-7236-4040-B148-4AF6EB9CED19}.Debug|Any CPU.ActiveCfg = Debug|Any CPU
		{5D90123C-7236-4040-B148-4AF6EB9CED19}.Debug|Any CPU.Build.0 = Debug|Any CPU
		{5D90123C-7236-4040-B148-4AF6EB9CED19}.Debug|x64.ActiveCfg = Debug|Any CPU
		{5D90123C-7236-4040-B148-4AF6EB9CED19}.Debug|x64.Build.0 = Debug|Any CPU
		{5D90123C-7236-4040-B148-4AF6EB9CED19}.Debug|x86.ActiveCfg = Debug|Any CPU
		{5D90123C-7236-4040-B148-4AF6EB9CED19}.Debug|x86.Build.0 = Debug|Any CPU
		{5D90123C-7236-4040-B148-4AF6EB9CED19}.Release|Any CPU.ActiveCfg = Release|Any CPU
		{5D90123C-7236-4040-B148-4AF6EB9CED19}.Release|Any CPU.Build.0 = Release|Any CPU
		{5D90123C-7236-4040-B148-4AF6EB9CED19}.Release|x64.ActiveCfg = Release|Any CPU
		{5D90123C-7236-4040-B148-4AF6EB9CED19}.Release|x64.Build.0 = Release|Any CPU
		{5D90123C-7236-4040-B148-4AF6EB9CED19}.Release|x86.ActiveCfg = Release|Any CPU
		{5D90123C-7236-4040-B148-4AF6EB9CED19}.Release|x86.Build.0 = Release|Any CPU
		{CCD54DB8-63BC-4E8B-9226-F6E89B981CE1}.Debug|Any CPU.ActiveCfg = Debug|Any CPU
		{CCD54DB8-63BC-4E8B-9226-F6E89B981CE1}.Debug|Any CPU.Build.0 = Debug|Any CPU
		{CCD54DB8-63BC-4E8B-9226-F6E89B981CE1}.Debug|x64.ActiveCfg = Debug|Any CPU
		{CCD54DB8-63BC-4E8B-9226-F6E89B981CE1}.Debug|x64.Build.0 = Debug|Any CPU
		{CCD54DB8-63BC-4E8B-9226-F6E89B981CE1}.Debug|x86.ActiveCfg = Debug|Any CPU
		{CCD54DB8-63BC-4E8B-9226-F6E89B981CE1}.Debug|x86.Build.0 = Debug|Any CPU
		{CCD54DB8-63BC-4E8B-9226-F6E89B981CE1}.Release|Any CPU.ActiveCfg = Release|Any CPU
		{CCD54DB8-63BC-4E8B-9226-F6E89B981CE1}.Release|Any CPU.Build.0 = Release|Any CPU
		{CCD54DB8-63BC-4E8B-9226-F6E89B981CE1}.Release|x64.ActiveCfg = Release|Any CPU
		{CCD54DB8-63BC-4E8B-9226-F6E89B981CE1}.Release|x64.Build.0 = Release|Any CPU
		{CCD54DB8-63BC-4E8B-9226-F6E89B981CE1}.Release|x86.ActiveCfg = Release|Any CPU
		{CCD54DB8-63BC-4E8B-9226-F6E89B981CE1}.Release|x86.Build.0 = Release|Any CPU
	EndGlobalSection
	GlobalSection(SolutionProperties) = preSolution
		HideSolutionNode = FALSE
	EndGlobalSection
	GlobalSection(NestedProjects) = preSolution
		{BBA1DFCA-9F4B-4FD2-856D-F983833CC490} = {2EF586F0-5ECF-4CB7-9E01-E92B64C263B1}
		{E007CE25-8476-4693-A2CC-20FD57B6613F} = {2EF586F0-5ECF-4CB7-9E01-E92B64C263B1}
		{7EDA48F9-538F-4CCD-BE27-E35ECCCFE802} = {2EF586F0-5ECF-4CB7-9E01-E92B64C263B1}
		{D2128DDD-4E7E-4186-9C08-F01E74E780E3} = {2EF586F0-5ECF-4CB7-9E01-E92B64C263B1}
		{A32E8F37-9A3E-4D2D-A5B3-2FA220768355} = {A4E8F3D2-8707-4B36-8923-832E587655C0}
		{EBD8EAD1-67AF-4279-86B6-C17899AAFB61} = {A4E8F3D2-8707-4B36-8923-832E587655C0}
		{5582F228-4206-4716-964D-C9067C99C6EF} = {A4E8F3D2-8707-4B36-8923-832E587655C0}
		{5D90123C-7236-4040-B148-4AF6EB9CED19} = {2EF586F0-5ECF-4CB7-9E01-E92B64C263B1}
		{CCD54DB8-63BC-4E8B-9226-F6E89B981CE1} = {A4E8F3D2-8707-4B36-8923-832E587655C0}
	EndGlobalSection
EndGlobal
